
Microsoft Visual Studio Solution File, Format Version 12.00
# Visual Studio Version 17
VisualStudioVersion = 17.14.36603.0
MinimumVisualStudioVersion = 10.0.40219.1
Project("{8BC9CEB8-8B4A-11D0-8D11-00A0C91BC942}") = "zad-1", "UP-3\UP-3.vcxproj", "{03B061BF-4F4D-4247-896A-0875AC69B719}"
EndProject
Project("{8BC9CEB8-8B4A-11D0-8D11-00A0C91BC942}") = "zad-2", "zad 2\zad 2.vcxproj", "{99030131-132F-4AEE-8E9C-37F9FB9DE62C}"
EndProject
Project("{8BC9CEB8-8B4A-11D0-8D11-00A0C91BC942}") = "zad-3", "zad-3\zad-3.vcxproj", "{B97AA4C4-5649-45A4-9CFA-AB568F16E1D9}"
EndProject
Project("{8BC9CEB8-8B4A-11D0-8D11-00A0C91BC942}") = "zad-4", "zad-4\zad-4.vcxproj", "{26B54BA6-9A68-4EA6-95C5-54F8DAE70A34}"
EndProject
Project("{8BC9CEB8-8B4A-11D0-8D11-00A0C91BC942}") = "zad-5", "zad-5\zad-5.vcxproj", "{F9C5AB23-3567-44A6-AB2B-B8CD24AB3DAF}"
EndProject
Project("{8BC9CEB8-8B4A-11D0-8D11-00A0C91BC942}") = "zad-6", "zad6\zad6.vcxproj", "{F64BEB29-2B71-4343-8AF7-0950EC4F2698}"
EndProject
Project("{8BC9CEB8-8B4A-11D0-8D11-00A0C91BC942}") = "zad-7", "zad7\zad7.vcxproj", "{23FEE170-A4F1-49F9-8C55-7B6B1E0D9922}"
EndProject
Project("{8BC9CEB8-8B4A-11D0-8D11-00A0C91BC942}") = "zad-8", "zad8\zad8.vcxproj", "{A887B7D0-1645-475D-943A-165EADC46BEE}"
EndProject
Project("{8BC9CEB8-8B4A-11D0-8D11-00A0C91BC942}") = "zad-9", "zad9\zad9.vcxproj", "{9527CD52-90A0-4FCA-89D3-71542CF23E93}"
EndProject
Project("{8BC9CEB8-8B4A-11D0-8D11-00A0C91BC942}") = "zad-10", "zad10\zad10.vcxproj", "{5949A9FA-C8AC-4962-803C-618240FD60F5}"
EndProject
Project("{8BC9CEB8-8B4A-11D0-8D11-00A0C91BC942}") = "zad-11{Bonus}", "zad-11{Bonus}\zad-11{Bonus}.vcxproj", "{620BC73D-8FF6-4499-81F0-C05975B581EC}"
EndProject
Global
	GlobalSection(SolutionConfigurationPlatforms) = preSolution
		Debug|x64 = Debug|x64
		Debug|x86 = Debug|x86
		Release|x64 = Release|x64
		Release|x86 = Release|x86
	EndGlobalSection
	GlobalSection(ProjectConfigurationPlatforms) = postSolution
		{03B061BF-4F4D-4247-896A-0875AC69B719}.Debug|x64.ActiveCfg = Debug|x64
		{03B061BF-4F4D-4247-896A-0875AC69B719}.Debug|x64.Build.0 = Debug|x64
		{03B061BF-4F4D-4247-896A-0875AC69B719}.Debug|x86.ActiveCfg = Debug|Win32
		{03B061BF-4F4D-4247-896A-0875AC69B719}.Debug|x86.Build.0 = Debug|Win32
		{03B061BF-4F4D-4247-896A-0875AC69B719}.Release|x64.ActiveCfg = Release|x64
		{03B061BF-4F4D-4247-896A-0875AC69B719}.Release|x64.Build.0 = Release|x64
		{03B061BF-4F4D-4247-896A-0875AC69B719}.Release|x86.ActiveCfg = Release|Win32
		{03B061BF-4F4D-4247-896A-0875AC69B719}.Release|x86.Build.0 = Release|Win32
		{99030131-132F-4AEE-8E9C-37F9FB9DE62C}.Debug|x64.ActiveCfg = Debug|x64
		{99030131-132F-4AEE-8E9C-37F9FB9DE62C}.Debug|x64.Build.0 = Debug|x64
		{99030131-132F-4AEE-8E9C-37F9FB9DE62C}.Debug|x86.ActiveCfg = Debug|Win32
		{99030131-132F-4AEE-8E9C-37F9FB9DE62C}.Debug|x86.Build.0 = Debug|Win32
		{99030131-132F-4AEE-8E9C-37F9FB9DE62C}.Release|x64.ActiveCfg = Release|x64
		{99030131-132F-4AEE-8E9C-37F9FB9DE62C}.Release|x64.Build.0 = Release|x64
		{99030131-132F-4AEE-8E9C-37F9FB9DE62C}.Release|x86.ActiveCfg = Release|Win32
		{99030131-132F-4AEE-8E9C-37F9FB9DE62C}.Release|x86.Build.0 = Release|Win32
		{B97AA4C4-5649-45A4-9CFA-AB568F16E1D9}.Debug|x64.ActiveCfg = Debug|x64
		{B97AA4C4-5649-45A4-9CFA-AB568F16E1D9}.Debug|x64.Build.0 = Debug|x64
		{B97AA4C4-5649-45A4-9CFA-AB568F16E1D9}.Debug|x86.ActiveCfg = Debug|Win32
		{B97AA4C4-5649-45A4-9CFA-AB568F16E1D9}.Debug|x86.Build.0 = Debug|Win32
		{B97AA4C4-5649-45A4-9CFA-AB568F16E1D9}.Release|x64.ActiveCfg = Release|x64
		{B97AA4C4-5649-45A4-9CFA-AB568F16E1D9}.Release|x64.Build.0 = Release|x64
		{B97AA4C4-5649-45A4-9CFA-AB568F16E1D9}.Release|x86.ActiveCfg = Release|Win32
		{B97AA4C4-5649-45A4-9CFA-AB568F16E1D9}.Release|x86.Build.0 = Release|Win32
		{26B54BA6-9A68-4EA6-95C5-54F8DAE70A34}.Debug|x64.ActiveCfg = Debug|x64
		{26B54BA6-9A68-4EA6-95C5-54F8DAE70A34}.Debug|x64.Build.0 = Debug|x64
		{26B54BA6-9A68-4EA6-95C5-54F8DAE70A34}.Debug|x86.ActiveCfg = Debug|Win32
		{26B54BA6-9A68-4EA6-95C5-54F8DAE70A34}.Debug|x86.Build.0 = Debug|Win32
		{26B54BA6-9A68-4EA6-95C5-54F8DAE70A34}.Release|x64.ActiveCfg = Release|x64
		{26B54BA6-9A68-4EA6-95C5-54F8DAE70A34}.Release|x64.Build.0 = Release|x64
		{26B54BA6-9A68-4EA6-95C5-54F8DAE70A34}.Release|x86.ActiveCfg = Release|Win32
		{26B54BA6-9A68-4EA6-95C5-54F8DAE70A34}.Release|x86.Build.0 = Release|Win32
		{F9C5AB23-3567-44A6-AB2B-B8CD24AB3DAF}.Debug|x64.ActiveCfg = Debug|x64
		{F9C5AB23-3567-44A6-AB2B-B8CD24AB3DAF}.Debug|x64.Build.0 = Debug|x64
		{F9C5AB23-3567-44A6-AB2B-B8CD24AB3DAF}.Debug|x86.ActiveCfg = Debug|Win32
		{F9C5AB23-3567-44A6-AB2B-B8CD24AB3DAF}.Debug|x86.Build.0 = Debug|Win32
		{F9C5AB23-3567-44A6-AB2B-B8CD24AB3DAF}.Release|x64.ActiveCfg = Release|x64
		{F9C5AB23-3567-44A6-AB2B-B8CD24AB3DAF}.Release|x64.Build.0 = Release|x64
		{F9C5AB23-3567-44A6-AB2B-B8CD24AB3DAF}.Release|x86.ActiveCfg = Release|Win32
		{F9C5AB23-3567-44A6-AB2B-B8CD24AB3DAF}.Release|x86.Build.0 = Release|Win32
		{F64BEB29-2B71-4343-8AF7-0950EC4F2698}.Debug|x64.ActiveCfg = Debug|x64
		{F64BEB29-2B71-4343-8AF7-0950EC4F2698}.Debug|x64.Build.0 = Debug|x64
		{F64BEB29-2B71-4343-8AF7-0950EC4F2698}.Debug|x86.ActiveCfg = Debug|Win32
		{F64BEB29-2B71-4343-8AF7-0950EC4F2698}.Debug|x86.Build.0 = Debug|Win32
		{F64BEB29-2B71-4343-8AF7-0950EC4F2698}.Release|x64.ActiveCfg = Release|x64
		{F64BEB29-2B71-4343-8AF7-0950EC4F2698}.Release|x64.Build.0 = Release|x64
		{F64BEB29-2B71-4343-8AF7-0950EC4F2698}.Release|x86.ActiveCfg = Release|Win32
		{F64BEB29-2B71-4343-8AF7-0950EC4F2698}.Release|x86.Build.0 = Release|Win32
		{23FEE170-A4F1-49F9-8C55-7B6B1E0D9922}.Debug|x64.ActiveCfg = Debug|x64
		{23FEE170-A4F1-49F9-8C55-7B6B1E0D9922}.Debug|x64.Build.0 = Debug|x64
		{23FEE170-A4F1-49F9-8C55-7B6B1E0D9922}.Debug|x86.ActiveCfg = Debug|Win32
		{23FEE170-A4F1-49F9-8C55-7B6B1E0D9922}.Debug|x86.Build.0 = Debug|Win32
		{23FEE170-A4F1-49F9-8C55-7B6B1E0D9922}.Release|x64.ActiveCfg = Release|x64
		{23FEE170-A4F1-49F9-8C55-7B6B1E0D9922}.Release|x64.Build.0 = Release|x64
		{23FEE170-A4F1-49F9-8C55-7B6B1E0D9922}.Release|x86.ActiveCfg = Release|Win32
		{23FEE170-A4F1-49F9-8C55-7B6B1E0D9922}.Release|x86.Build.0 = Release|Win32
		{A887B7D0-1645-475D-943A-165EADC46BEE}.Debug|x64.ActiveCfg = Debug|x64
		{A887B7D0-1645-475D-943A-165EADC46BEE}.Debug|x64.Build.0 = Debug|x64
		{A887B7D0-1645-475D-943A-165EADC46BEE}.Debug|x86.ActiveCfg = Debug|Win32
		{A887B7D0-1645-475D-943A-165EADC46BEE}.Debug|x86.Build.0 = Debug|Win32
		{A887B7D0-1645-475D-943A-165EADC46BEE}.Release|x64.ActiveCfg = Release|x64
		{A887B7D0-1645-475D-943A-165EADC46BEE}.Release|x64.Build.0 = Release|x64
		{A887B7D0-1645-475D-943A-165EADC46BEE}.Release|x86.ActiveCfg = Release|Win32
		{A887B7D0-1645-475D-943A-165EADC46BEE}.Release|x86.Build.0 = Release|Win32
		{9527CD52-90A0-4FCA-89D3-71542CF23E93}.Debug|x64.ActiveCfg = Debug|x64
		{9527CD52-90A0-4FCA-89D3-71542CF23E93}.Debug|x64.Build.0 = Debug|x64
		{9527CD52-90A0-4FCA-89D3-71542CF23E93}.Debug|x86.ActiveCfg = Debug|Win32
		{9527CD52-90A0-4FCA-89D3-71542CF23E93}.Debug|x86.Build.0 = Debug|Win32
		{9527CD52-90A0-4FCA-89D3-71542CF23E93}.Release|x64.ActiveCfg = Release|x64
		{9527CD52-90A0-4FCA-89D3-71542CF23E93}.Release|x64.Build.0 = Release|x64
		{9527CD52-90A0-4FCA-89D3-71542CF23E93}.Release|x86.ActiveCfg = Release|Win32
		{9527CD52-90A0-4FCA-89D3-71542CF23E93}.Release|x86.Build.0 = Release|Win32
		{5949A9FA-C8AC-4962-803C-618240FD60F5}.Debug|x64.ActiveCfg = Debug|x64
		{5949A9FA-C8AC-4962-803C-618240FD60F5}.Debug|x64.Build.0 = Debug|x64
		{5949A9FA-C8AC-4962-803C-618240FD60F5}.Debug|x86.ActiveCfg = Debug|Win32
		{5949A9FA-C8AC-4962-803C-618240FD60F5}.Debug|x86.Build.0 = Debug|Win32
		{5949A9FA-C8AC-4962-803C-618240FD60F5}.Release|x64.ActiveCfg = Release|x64
		{5949A9FA-C8AC-4962-803C-618240FD60F5}.Release|x64.Build.0 = Release|x64
		{5949A9FA-C8AC-4962-803C-618240FD60F5}.Release|x86.ActiveCfg = Release|Win32
		{5949A9FA-C8AC-4962-803C-618240FD60F5}.Release|x86.Build.0 = Release|Win32
		{620BC73D-8FF6-4499-81F0-C05975B581EC}.Debug|x64.ActiveCfg = Debug|x64
		{620BC73D-8FF6-4499-81F0-C05975B581EC}.Debug|x64.Build.0 = Debug|x64
		{620BC73D-8FF6-4499-81F0-C05975B581EC}.Debug|x86.ActiveCfg = Debug|Win32
		{620BC73D-8FF6-4499-81F0-C05975B581EC}.Debug|x86.Build.0 = Debug|Win32
		{620BC73D-8FF6-4499-81F0-C05975B581EC}.Release|x64.ActiveCfg = Release|x64
		{620BC73D-8FF6-4499-81F0-C05975B581EC}.Release|x64.Build.0 = Release|x64
		{620BC73D-8FF6-4499-81F0-C05975B581EC}.Release|x86.ActiveCfg = Release|Win32
		{620BC73D-8FF6-4499-81F0-C05975B581EC}.Release|x86.Build.0 = Release|Win32
	EndGlobalSection
	GlobalSection(SolutionProperties) = preSolution
		HideSolutionNode = FALSE
	EndGlobalSection
	GlobalSection(ExtensibilityGlobals) = postSolution
		SolutionGuid = {DA6002D6-88B1-4B87-8EBE-6FF5DB37EB06}
	EndGlobalSection
EndGlobal
