<Solution>
  <Configurations>
    <Platform Name="x64" />
    <Platform Name="x86" />
  </Configurations>
  <Folder Name="/Solution Items/">
    <File Path=".editorconfig" />
  </Folder>
  <Folder Name="/Week-1/">
    <Project Path="ZAD-1.1/ZAD-1.1.vcxproj" Id="616f52db-c2bc-422d-bc9f-770af69deeaf" />
    <Project Path="ZAD-1.2/ZAD-1.2.vcxproj" Id="de7c8bbd-a510-4ccc-b1f3-fec35ddf16f9" />
    <Project Path="ZAD-1.3/ZAD-1.3.vcxproj" Id="fa412b60-4eca-4652-9d28-cdd8e89ea3c8" />
    <Project Path="ZAD-1.4/ZAD-1.4.vcxproj" Id="7f21e665-5abd-43aa-86ce-5775b48062f8" />
  </Folder>
  <Folder Name="/Week-2/">
    <Project Path="ZAD-2.1/ZAD-2.1.vcxproj" Id="97cb6281-609c-4c80-93ad-faec21720302" />
    <Project Path="ZAD-2.2/ZAD-2.2.vcxproj" Id="335c8629-19ae-482a-8767-f58191690ac3" />
    <Project Path="ZAD-2.3/ZAD-2.3.vcxproj" Id="cb9e91ad-be81-4aec-ad43-616112bfe74b" />
    <Project Path="ZAD-2.4/ZAD-2.4.vcxproj" Id="46deec00-1e1b-4e4a-83ef-5c1eeb3f7368" />
    <Project Path="ZAD-2.5/ZAD-2.5.vcxproj" Id="9a9c8304-1ded-400d-b532-520709e5d3dc" />
    <Project Path="ZAD-2.6/ZAD-2.6.vcxproj" Id="e14544b3-7acd-4098-a1ab-7f5bccd516d1" />
    <Project Path="ZAD-2.7/ZAD-2.7.vcxproj" Id="e5fdfb5a-79e5-4922-bda5-036e4d8bfa3c" />
  </Folder>
  <Folder Name="/Week-3/">
    <Project Path="ZAD-3.1/ZAD-3.1.vcxproj" Id="84deb89d-3fb3-4218-a7e2-e1bdd006ab10" />
    <Project Path="ZAD-3.10/ZAD-3.10.vcxproj" Id="69a114a0-59d1-44de-9cd8-2e15a39b4223" />
    <Project Path="ZAD-3.2/ZAD-3.2.vcxproj" Id="abf65330-5c58-4103-bb74-594e148b7744" />
    <Project Path="ZAD-3.3/ZAD-3.3.vcxproj" Id="b46e8f89-530a-4375-8e5a-4ddf71257160" />
    <Project Path="ZAD-3.4/ZAD-3.4.vcxproj" Id="217cdf1a-cfee-4dbd-9337-92eecb3fd48f" />
    <Project Path="ZAD-3.5/ZAD-3.5.vcxproj" Id="fe783a70-1006-4f8f-ae25-36cce75056a6" />
    <Project Path="ZAD-3.6/ZAD-3.6.vcxproj" Id="2cc8a3c8-8b12-4115-bf3c-e0fe1c277ad8" />
    <Project Path="ZAD-3.7/ZAD-3.7.vcxproj" Id="91d3f57a-3411-43cd-a1fd-cc9c04d59393" />
    <Project Path="ZAD-3.8/ZAD-3.8.vcxproj" Id="32f65c5c-0e5e-48c3-877f-627f369a9781" />
    <Project Path="ZAD-3.9/ZAD-3.9.vcxproj" Id="fa271d6f-5165-4dd8-ba3c-e96f0fd8b917" />
  </Folder>
  <Folder Name="/week-4/">
    <Project Path="zad-4.1/zad-4.1.vcxproj" Id="0c8351e9-ba2f-442b-aba5-b810c46ed597" />
    <Project Path="zad-4.2/zad-4.2.vcxproj" Id="e471943d-826b-4175-ae25-68bc6434295f" />
    <Project Path="zad-4.3/zad-4.3.vcxproj" Id="321f0b67-377b-40fb-b9f8-80159923701e" />
    <Project Path="zad-4.4/zad-4.4.vcxproj" Id="144fd7fa-06e7-4e41-960e-7c0f2d3ae0c7" />
    <Project Path="zad-4.5/zad-4.5.vcxproj" Id="27b350e4-73a4-4557-a4bd-df2eee9af7ca" />
  </Folder>
  <Folder Name="/week-5/">
    <Project Path="zad-5.1/zad-5.1.vcxproj" Id="9552b79f-f303-44ac-98ff-185a53160e31" />
    <Project Path="zad-5.2/zad-5.2.vcxproj" Id="36494339-edb2-4ddd-b8d8-07276067eeae" />
    <Project Path="zad-5.3/zad-5.3.vcxproj" Id="fc19141b-a419-4074-a440-fdedb40e6f71" />
    <Project Path="zad-5.4/zad-5.4.vcxproj" Id="69c9d152-c669-49ca-aec7-24d9771c7bc5" />
    <Project Path="zad-5.5/zad-5.5.vcxproj" Id="557a61f6-23ba-4663-b7b0-f8d3438b36ac" />
    <Project Path="zad-5.6/zad-5.6.vcxproj" Id="6c325da8-b4a8-4a01-a7f4-198d08a55885" />
  </Folder>
  <Folder Name="/week-6/">
    <Project Path="week-6/zad-1/zad-1.vcxproj" Id="94d4e0c3-5678-4b04-81c3-19e7e5d9481d" />
    <Project Path="week-6/zad-2/zad-2.vcxproj" Id="8727ebdb-85f6-4965-9a88-d479d887d010" />
    <Project Path="week-6/zad-3/zad-3.vcxproj" Id="2434ffb8-6dd3-4414-a8fd-a8e71c96fafb" />
  </Folder>
  <Folder Name="/week-7/">
    <Project Path="week-7/zad-7.1/zad-7.1.vcxproj" Id="b73368bb-f526-4729-ae2f-506bbbd67a29" />
    <Project Path="week-7/zad-7.2/zad-7.2.vcxproj" Id="e81d0e3d-1a4e-4d48-8dc1-7fe1f1c92302" />
    <Project Path="week-7/zad-7.3/zad-7.3.vcxproj" Id="2e3047f3-68d6-4a98-a319-45e5b27d9c5a" />
    <Project Path="week-7/zad-7.4/zad-7.4.vcxproj" Id="e33ba1d3-9681-4fe6-a39e-de56ebca90c4" />
  </Folder>
</Solution>
