
Microsoft Visual Studio Solution File, Format Version 12.00
# Visual Studio Version 17
VisualStudioVersion = 17.14.36616.10 d17.14
MinimumVisualStudioVersion = 10.0.40219.1
Project("{8BC9CEB8-8B4A-11D0-8D11-00A0C91BC942}") = "ZAD-1", "ZAD-1\ZAD-1.vcxproj", "{88426015-F715-40FE-96A6-DD7A3FCBACF2}"
EndProject
Project("{8BC9CEB8-8B4A-11D0-8D11-00A0C91BC942}") = "ZAD-2", "ZAD-2\ZAD-2.vcxproj", "{88100F9E-1540-4F18-AF00-4B006847DE45}"
EndProject
Project("{8BC9CEB8-8B4A-11D0-8D11-00A0C91BC942}") = "ZAD-3", "ZAD-3\ZAD-3.vcxproj", "{A578BEE1-5D7E-4BD6-8CDD-E3FC72B43765}"
EndProject
Project("{8BC9CEB8-8B4A-11D0-8D11-00A0C91BC942}") = "ZAD-4", "ZAD-4\ZAD-4.vcxproj", "{B75C1CD1-823D-4AAB-BC47-E51FA2AEE0D2}"
EndProject
Project("{8BC9CEB8-8B4A-11D0-8D11-00A0C91BC942}") = "ZAD-5", "ZAD-5\ZAD-5.vcxproj", "{3A3BFB3C-FC50-40B4-B354-19245275DDB6}"
EndProject
Project("{8BC9CEB8-8B4A-11D0-8D11-00A0C91BC942}") = "ZAD-6", "ZAD-6\ZAD-6.vcxproj", "{5176A561-9DDA-416C-86F6-FA5E991541E8}"
EndProject
Project("{8BC9CEB8-8B4A-11D0-8D11-00A0C91BC942}") = "ZAD-7", "ZAD-7\ZAD-7.vcxproj", "{25E44291-F961-43D3-BD3D-141D8359DC3A}"
EndProject
Project("{8BC9CEB8-8B4A-11D0-8D11-00A0C91BC942}") = "ZAD-8", "ZAD-8\ZAD-8.vcxproj", "{2C6C3149-A8D3-4FA2-B871-013CF5A4137E}"
EndProject
Global
	GlobalSection(SolutionConfigurationPlatforms) = preSolution
		Debug|x64 = Debug|x64
		Debug|x86 = Debug|x86
		Release|x64 = Release|x64
		Release|x86 = Release|x86
	EndGlobalSection
	GlobalSection(ProjectConfigurationPlatforms) = postSolution
		{88426015-F715-40FE-96A6-DD7A3FCBACF2}.Debug|x64.ActiveCfg = Debug|x64
		{88426015-F715-40FE-96A6-DD7A3FCBACF2}.Debug|x64.Build.0 = Debug|x64
		{88426015-F715-40FE-96A6-DD7A3FCBACF2}.Debug|x86.ActiveCfg = Debug|Win32
		{88426015-F715-40FE-96A6-DD7A3FCBACF2}.Debug|x86.Build.0 = Debug|Win32
		{88426015-F715-40FE-96A6-DD7A3FCBACF2}.Release|x64.ActiveCfg = Release|x64
		{88426015-F715-40FE-96A6-DD7A3FCBACF2}.Release|x64.Build.0 = Release|x64
		{88426015-F715-40FE-96A6-DD7A3FCBACF2}.Release|x86.ActiveCfg = Release|Win32
		{88426015-F715-40FE-96A6-DD7A3FCBACF2}.Release|x86.Build.0 = Release|Win32
		{88100F9E-1540-4F18-AF00-4B006847DE45}.Debug|x64.ActiveCfg = Debug|x64
		{88100F9E-1540-4F18-AF00-4B006847DE45}.Debug|x64.Build.0 = Debug|x64
		{88100F9E-1540-4F18-AF00-4B006847DE45}.Debug|x86.ActiveCfg = Debug|Win32
		{88100F9E-1540-4F18-AF00-4B006847DE45}.Debug|x86.Build.0 = Debug|Win32
		{88100F9E-1540-4F18-AF00-4B006847DE45}.Release|x64.ActiveCfg = Release|x64
		{88100F9E-1540-4F18-AF00-4B006847DE45}.Release|x64.Build.0 = Release|x64
		{88100F9E-1540-4F18-AF00-4B006847DE45}.Release|x86.ActiveCfg = Release|Win32
		{88100F9E-1540-4F18-AF00-4B006847DE45}.Release|x86.Build.0 = Release|Win32
		{A578BEE1-5D7E-4BD6-8CDD-E3FC72B43765}.Debug|x64.ActiveCfg = Debug|x64
		{A578BEE1-5D7E-4BD6-8CDD-E3FC72B43765}.Debug|x64.Build.0 = Debug|x64
		{A578BEE1-5D7E-4BD6-8CDD-E3FC72B43765}.Debug|x86.ActiveCfg = Debug|Win32
		{A578BEE1-5D7E-4BD6-8CDD-E3FC72B43765}.Debug|x86.Build.0 = Debug|Win32
		{A578BEE1-5D7E-4BD6-8CDD-E3FC72B43765}.Release|x64.ActiveCfg = Release|x64
		{A578BEE1-5D7E-4BD6-8CDD-E3FC72B43765}.Release|x64.Build.0 = Release|x64
		{A578BEE1-5D7E-4BD6-8CDD-E3FC72B43765}.Release|x86.ActiveCfg = Release|Win32
		{A578BEE1-5D7E-4BD6-8CDD-E3FC72B43765}.Release|x86.Build.0 = Release|Win32
		{B75C1CD1-823D-4AAB-BC47-E51FA2AEE0D2}.Debug|x64.ActiveCfg = Debug|x64
		{B75C1CD1-823D-4AAB-BC47-E51FA2AEE0D2}.Debug|x64.Build.0 = Debug|x64
		{B75C1CD1-823D-4AAB-BC47-E51FA2AEE0D2}.Debug|x86.ActiveCfg = Debug|Win32
		{B75C1CD1-823D-4AAB-BC47-E51FA2AEE0D2}.Debug|x86.Build.0 = Debug|Win32
		{B75C1CD1-823D-4AAB-BC47-E51FA2AEE0D2}.Release|x64.ActiveCfg = Release|x64
		{B75C1CD1-823D-4AAB-BC47-E51FA2AEE0D2}.Release|x64.Build.0 = Release|x64
		{B75C1CD1-823D-4AAB-BC47-E51FA2AEE0D2}.Release|x86.ActiveCfg = Release|Win32
		{B75C1CD1-823D-4AAB-BC47-E51FA2AEE0D2}.Release|x86.Build.0 = Release|Win32
		{3A3BFB3C-FC50-40B4-B354-19245275DDB6}.Debug|x64.ActiveCfg = Debug|x64
		{3A3BFB3C-FC50-40B4-B354-19245275DDB6}.Debug|x64.Build.0 = Debug|x64
		{3A3BFB3C-FC50-40B4-B354-19245275DDB6}.Debug|x86.ActiveCfg = Debug|Win32
		{3A3BFB3C-FC50-40B4-B354-19245275DDB6}.Debug|x86.Build.0 = Debug|Win32
		{3A3BFB3C-FC50-40B4-B354-19245275DDB6}.Release|x64.ActiveCfg = Release|x64
		{3A3BFB3C-FC50-40B4-B354-19245275DDB6}.Release|x64.Build.0 = Release|x64
		{3A3BFB3C-FC50-40B4-B354-19245275DDB6}.Release|x86.ActiveCfg = Release|Win32
		{3A3BFB3C-FC50-40B4-B354-19245275DDB6}.Release|x86.Build.0 = Release|Win32
		{5176A561-9DDA-416C-86F6-FA5E991541E8}.Debug|x64.ActiveCfg = Debug|x64
		{5176A561-9DDA-416C-86F6-FA5E991541E8}.Debug|x64.Build.0 = Debug|x64
		{5176A561-9DDA-416C-86F6-FA5E991541E8}.Debug|x86.ActiveCfg = Debug|Win32
		{5176A561-9DDA-416C-86F6-FA5E991541E8}.Debug|x86.Build.0 = Debug|Win32
		{5176A561-9DDA-416C-86F6-FA5E991541E8}.Release|x64.ActiveCfg = Release|x64
		{5176A561-9DDA-416C-86F6-FA5E991541E8}.Release|x64.Build.0 = Release|x64
		{5176A561-9DDA-416C-86F6-FA5E991541E8}.Release|x86.ActiveCfg = Release|Win32
		{5176A561-9DDA-416C-86F6-FA5E991541E8}.Release|x86.Build.0 = Release|Win32
		{25E44291-F961-43D3-BD3D-141D8359DC3A}.Debug|x64.ActiveCfg = Debug|x64
		{25E44291-F961-43D3-BD3D-141D8359DC3A}.Debug|x64.Build.0 = Debug|x64
		{25E44291-F961-43D3-BD3D-141D8359DC3A}.Debug|x86.ActiveCfg = Debug|Win32
		{25E44291-F961-43D3-BD3D-141D8359DC3A}.Debug|x86.Build.0 = Debug|Win32
		{25E44291-F961-43D3-BD3D-141D8359DC3A}.Release|x64.ActiveCfg = Release|x64
		{25E44291-F961-43D3-BD3D-141D8359DC3A}.Release|x64.Build.0 = Release|x64
		{25E44291-F961-43D3-BD3D-141D8359DC3A}.Release|x86.ActiveCfg = Release|Win32
		{25E44291-F961-43D3-BD3D-141D8359DC3A}.Release|x86.Build.0 = Release|Win32
		{2C6C3149-A8D3-4FA2-B871-013CF5A4137E}.Debug|x64.ActiveCfg = Debug|x64
		{2C6C3149-A8D3-4FA2-B871-013CF5A4137E}.Debug|x64.Build.0 = Debug|x64
		{2C6C3149-A8D3-4FA2-B871-013CF5A4137E}.Debug|x86.ActiveCfg = Debug|Win32
		{2C6C3149-A8D3-4FA2-B871-013CF5A4137E}.Debug|x86.Build.0 = Debug|Win32
		{2C6C3149-A8D3-4FA2-B871-013CF5A4137E}.Release|x64.ActiveCfg = Release|x64
		{2C6C3149-A8D3-4FA2-B871-013CF5A4137E}.Release|x64.Build.0 = Release|x64
		{2C6C3149-A8D3-4FA2-B871-013CF5A4137E}.Release|x86.ActiveCfg = Release|Win32
		{2C6C3149-A8D3-4FA2-B871-013CF5A4137E}.Release|x86.Build.0 = Release|Win32
	EndGlobalSection
	GlobalSection(SolutionProperties) = preSolution
		HideSolutionNode = FALSE
	EndGlobalSection
	GlobalSection(ExtensibilityGlobals) = postSolution
		SolutionGuid = {6F74FDDD-ED42-436D-8615-DAABD5317196}
	EndGlobalSection
EndGlobal
